{
  "name": "@faciocode/styles",
  "version": "4.1.0",
  "lockfileVersion": 1,
  "requires": true,
  "dependencies": {
    "@faciocode/style-dictionary": {
      "version": "4.0.2",
      "resolved": "https://registry.npmjs.org/@faciocode/style-dictionary/-/style-dictionary-4.0.2.tgz",
      "integrity": "sha512-eOhyDjzvD4dGlm9wL2MU2UafiH9B5mA4342rp4v5cVJgQFJ9ow85YyfaGBms7ujcUf9qbW/OKRqe5NkiTtMIjQ==",
      "dev": true
    }
  }
}
