{
  "name": "@faciocode/styles",
  "version": "0.34.5",
  "lockfileVersion": 2,
  "requires": true,
  "packages": {
    "": {
      "name": "@faciocode/styles",
      "version": "0.30.3",
      "license": "ISC",
      "devDependencies": {
        "@faciocode/style-dictionary": "^0.30.3"
      }
    },
    "../style-dictionary": {
      "name": "@faciocode/style-dictionary",
      "version": "0.30.3",
      "dev": true
    },
    "node_modules/@faciocode/style-dictionary": {
      "resolved": "../style-dictionary",
      "link": true
    }
  },
  "dependencies": {
    "@faciocode/style-dictionary": {
      "version": "file:../style-dictionary"
    }
  }
}
