{
  "name": "@faciocode/styles",
  "version": "4.3.2",
  "lockfileVersion": 1,
  "requires": true,
  "dependencies": {
    "@faciocode/style-dictionary": {
      "version": "4.3.1",
      "resolved": "https://registry.npmjs.org/@faciocode/style-dictionary/-/style-dictionary-4.3.1.tgz",
      "integrity": "sha512-wikdr7lwFv9Wl+mkGg4aAwRcvwjTOQTfrTVGsL1iL6GjzkoxeNkPTec2X5s5ZHXJuD+1MBvJ0GKGiyOuKip4Vg==",
      "dev": true
    }
  }
}
