{
  "name": "facio_design_system",
  "version": "2.1.0",
  "lockfileVersion": 2,
  "requires": true,
  "packages": {
    "": {
      "name": "facio_design_system",
      "version": "2.0.0",
      "license": "ISC",
      "devDependencies": {
        "@faciocode/style-dictionary": "^2.0.0"
      }
    },
    "node_modules/@faciocode/style-dictionary": {
      "version": "2.0.1",
      "resolved": "https://registry.npmjs.org/@faciocode/style-dictionary/-/style-dictionary-2.0.1.tgz",
      "integrity": "sha512-3BCl4O+d5YpDdAPpCyy9rt1YBxlsJzjbpky0JRkd8Pv4kT+lNYbKOKmrHViWHftrKH+GPc32+W3RE3TNvL0a9A==",
      "dev": true
    }
  },
  "dependencies": {
    "@faciocode/style-dictionary": {
      "version": "2.0.1",
      "resolved": "https://registry.npmjs.org/@faciocode/style-dictionary/-/style-dictionary-2.0.1.tgz",
      "integrity": "sha512-3BCl4O+d5YpDdAPpCyy9rt1YBxlsJzjbpky0JRkd8Pv4kT+lNYbKOKmrHViWHftrKH+GPc32+W3RE3TNvL0a9A==",
      "dev": true
    }
  }
}
