{
	"name": "@faciocode/react",
	"version": "19.4.0",
	"lockfileVersion": 2,
	"requires": true,
	"packages": {
		"": {
			"name": "@faciocode/react",
			"version": "19.3.0",
			"license": "ISC",
			"dependencies": {
				"@faciocode/mui-themes": "^19.2.3",
				"@faciocode/styles": "^19.2.3",
				"@material-ui/core": "4.12.1",
				"@material-ui/lab": "4.0.0-alpha.60",
				"clsx": "1.1.1",
				"lodash": "4.17.21"
			},
			"peerDependencies": {
				"@types/react": "^17.0.3",
				"prop-types": "^15.7.2",
				"react": "^17.0.2",
				"react-dom": "^17.0.2"
			}
		},
		"node_modules/@babel/runtime": {
			"version": "7.14.6",
			"resolved": "https://registry.npmjs.org/@babel/runtime/-/runtime-7.14.6.tgz",
			"integrity": "sha512-/PCB2uJ7oM44tz8YhC4Z/6PeOKXp4K588f+5M3clr1M4zbqztlo0XEfJ2LEzj/FgwfgGcIdl8n7YYjTCI0BYwg==",
			"dependencies": {
				"regenerator-runtime": "^0.13.4"
			},
			"engines": {
				"node": ">=6.9.0"
			}
		},
		"node_modules/@faciocode/mui-themes": {
			"version": "19.3.0",
			"resolved": "https://registry.npmjs.org/@faciocode/mui-themes/-/mui-themes-19.3.0.tgz",
			"integrity": "sha512-m6wO139KACNHFksaEsXm6KMTHzCUyAdJM+0oWml5M3y6PEhh5gri3/CHcF0QTxPkJLhSgeZIpK/oOuykYUpPVw==",
			"dependencies": {
				"@faciocode/styles": "^19.3.0",
				"@material-ui/core": "4.12.1"
			},
			"peerDependencies": {
				"@material-ui/core": "^4.12.1"
			}
		},
		"node_modules/@faciocode/styles": {
			"version": "19.3.0",
			"resolved": "https://registry.npmjs.org/@faciocode/styles/-/styles-19.3.0.tgz",
			"integrity": "sha512-n+as2ltl/gJ5AiAEEZ0IW9ibqXk/OLTlWkb+5+Gv31/pz3Kge2K3xuqc5D+yFoDprRkMxkhVhk9ItLX+WImklQ=="
		},
		"node_modules/@material-ui/core": {
			"version": "4.12.1",
			"integrity": "sha512-C6hYsjkWCTfBx9FaqxhCZCITBagh7fyCKFtHyvO3tTOcBw6NJaktdhNZ2n82jQdQdgfFvg6OOxi7OOzsAdAcBQ==",
			"dependencies": {
				"@babel/runtime": "^7.4.4",
				"@material-ui/styles": "^4.11.4",
				"@material-ui/system": "^4.12.1",
				"@material-ui/types": "5.1.0",
				"@material-ui/utils": "^4.11.2",
				"@types/react-transition-group": "^4.2.0",
				"clsx": "^1.0.4",
				"hoist-non-react-statics": "^3.3.2",
				"popper.js": "1.16.1-lts",
				"prop-types": "^15.7.2",
				"react-is": "^16.8.0 || ^17.0.0",
				"react-transition-group": "^4.4.0"
			},
			"engines": {
				"node": ">=8.0.0"
			},
			"funding": {
				"type": "opencollective",
				"url": "https://opencollective.com/material-ui"
			},
			"peerDependencies": {
				"@types/react": "^16.8.6 || ^17.0.0",
				"react": "^16.8.0 || ^17.0.0",
				"react-dom": "^16.8.0 || ^17.0.0"
			},
			"peerDependenciesMeta": {
				"@types/react": {
					"optional": true
				}
			}
		},
		"node_modules/@material-ui/lab": {
			"version": "4.0.0-alpha.60",
			"resolved": "https://registry.npmjs.org/@material-ui/lab/-/lab-4.0.0-alpha.60.tgz",
			"integrity": "sha512-fadlYsPJF+0fx2lRuyqAuJj7hAS1tLDdIEEdov5jlrpb5pp4b+mRDUqQTUxi4inRZHS1bEXpU8QWUhO6xX88aA==",
			"dependencies": {
				"@babel/runtime": "^7.4.4",
				"@material-ui/utils": "^4.11.2",
				"clsx": "^1.0.4",
				"prop-types": "^15.7.2",
				"react-is": "^16.8.0 || ^17.0.0"
			},
			"engines": {
				"node": ">=8.0.0"
			},
			"peerDependencies": {
				"@material-ui/core": "^4.12.1",
				"@types/react": "^16.8.6 || ^17.0.0",
				"react": "^16.8.0 || ^17.0.0",
				"react-dom": "^16.8.0 || ^17.0.0"
			},
			"peerDependenciesMeta": {
				"@types/react": {
					"optional": true
				}
			}
		},
		"node_modules/@material-ui/utils": {
			"version": "4.11.2",
			"resolved": "https://registry.npmjs.org/@material-ui/utils/-/utils-4.11.2.tgz",
			"integrity": "sha512-Uul8w38u+PICe2Fg2pDKCaIG7kOyhowZ9vjiC1FsVwPABTW8vPPKfF6OvxRq3IiBaI1faOJmgdvMG7rMJARBhA==",
			"dependencies": {
				"@babel/runtime": "^7.4.4",
				"prop-types": "^15.7.2",
				"react-is": "^16.8.0 || ^17.0.0"
			},
			"engines": {
				"node": ">=8.0.0"
			},
			"peerDependencies": {
				"react": "^16.8.0 || ^17.0.0",
				"react-dom": "^16.8.0 || ^17.0.0"
			}
		},
		"node_modules/@types/prop-types": {
			"version": "15.7.4",
			"resolved": "https://registry.npmjs.org/@types/prop-types/-/prop-types-15.7.4.tgz",
			"integrity": "sha512-rZ5drC/jWjrArrS8BR6SIr4cWpW09RNTYt9AMZo3Jwwif+iacXAqgVjm0B0Bv/S1jhDXKHqRVNCbACkJ89RAnQ==",
			"peer": true
		},
		"node_modules/@types/react": {
			"version": "17.0.14",
			"resolved": "https://registry.npmjs.org/@types/react/-/react-17.0.14.tgz",
			"integrity": "sha512-0WwKHUbWuQWOce61UexYuWTGuGY/8JvtUe/dtQ6lR4sZ3UiylHotJeWpf3ArP9+DSGUoLY3wbU59VyMrJps5VQ==",
			"peer": true,
			"dependencies": {
				"@types/prop-types": "*",
				"@types/scheduler": "*",
				"csstype": "^3.0.2"
			}
		},
		"node_modules/@types/scheduler": {
			"version": "0.16.2",
			"resolved": "https://registry.npmjs.org/@types/scheduler/-/scheduler-0.16.2.tgz",
			"integrity": "sha512-hppQEBDmlwhFAXKJX2KnWLYu5yMfi91yazPb2l+lbJiwW+wdo1gNeRA+3RgNSO39WYX2euey41KEwnqesU2Jew==",
			"peer": true
		},
		"node_modules/clsx": {
			"version": "1.1.1",
			"resolved": "https://registry.npmjs.org/clsx/-/clsx-1.1.1.tgz",
			"integrity": "sha512-6/bPho624p3S2pMyvP5kKBPXnI3ufHLObBFCfgx+LkeR5lg2XYy2hqZqUf45ypD8COn2bhgGJSUE+l5dhNBieA==",
			"engines": {
				"node": ">=6"
			}
		},
		"node_modules/csstype": {
			"version": "3.0.8",
			"resolved": "https://registry.npmjs.org/csstype/-/csstype-3.0.8.tgz",
			"integrity": "sha512-jXKhWqXPmlUeoQnF/EhTtTl4C9SnrxSH/jZUih3jmO6lBKr99rP3/+FmrMj4EFpOXzMtXHAZkd3x0E6h6Fgflw==",
			"peer": true
		},
		"node_modules/js-tokens": {
			"version": "4.0.0",
			"resolved": "https://registry.npmjs.org/js-tokens/-/js-tokens-4.0.0.tgz",
			"integrity": "sha512-RdJUflcE3cUzKiMqQgsCu06FPu9UdIJO0beYbPhHN4k6apgJtifcoCtT9bcxOpYBtpD2kCM6Sbzg4CausW/PKQ=="
		},
		"node_modules/lodash": {
			"version": "4.17.21",
			"resolved": "https://registry.npmjs.org/lodash/-/lodash-4.17.21.tgz",
			"integrity": "sha512-v2kDEe57lecTulaDIuNTPy3Ry4gLGJ6Z1O3vE1krgXZNrsQ+LFTGHVxVjcXPs17LhbZVGedAJv8XZ1tvj5FvSg=="
		},
		"node_modules/loose-envify": {
			"version": "1.4.0",
			"resolved": "https://registry.npmjs.org/loose-envify/-/loose-envify-1.4.0.tgz",
			"integrity": "sha512-lyuxPGr/Wfhrlem2CL/UcnUc1zcqKAImBDzukY7Y5F/yQiNdko6+fRLevlw1HgMySw7f611UIY408EtxRSoK3Q==",
			"dependencies": {
				"js-tokens": "^3.0.0 || ^4.0.0"
			},
			"bin": {
				"loose-envify": "cli.js"
			}
		},
		"node_modules/object-assign": {
			"version": "4.1.1",
			"resolved": "https://registry.npmjs.org/object-assign/-/object-assign-4.1.1.tgz",
			"integrity": "sha1-IQmtx5ZYh8/AXLvUQsrIv7s2CGM=",
			"engines": {
				"node": ">=0.10.0"
			}
		},
		"node_modules/prop-types": {
			"version": "15.7.2",
			"resolved": "https://registry.npmjs.org/prop-types/-/prop-types-15.7.2.tgz",
			"integrity": "sha512-8QQikdH7//R2vurIJSutZ1smHYTcLpRWEOlHnzcWHmBYrOGUysKwSsrC89BCiFj3CbrfJ/nXFdJepOVrY1GCHQ==",
			"dependencies": {
				"loose-envify": "^1.4.0",
				"object-assign": "^4.1.1",
				"react-is": "^16.8.1"
			}
		},
		"node_modules/prop-types/node_modules/react-is": {
			"version": "16.13.1",
			"resolved": "https://registry.npmjs.org/react-is/-/react-is-16.13.1.tgz",
			"integrity": "sha512-24e6ynE2H+OKt4kqsOvNd8kBpV65zoxbA4BVsEOB3ARVWQki/DHzaUoC5KuON/BiccDaCCTZBuOcfZs70kR8bQ=="
		},
		"node_modules/react": {
			"version": "17.0.2",
			"resolved": "https://registry.npmjs.org/react/-/react-17.0.2.tgz",
			"integrity": "sha512-gnhPt75i/dq/z3/6q/0asP78D0u592D5L1pd7M8P+dck6Fu/jJeL6iVVK23fptSUZj8Vjf++7wXA8UNclGQcbA==",
			"peer": true,
			"dependencies": {
				"loose-envify": "^1.1.0",
				"object-assign": "^4.1.1"
			},
			"engines": {
				"node": ">=0.10.0"
			}
		},
		"node_modules/react-dom": {
			"version": "17.0.2",
			"resolved": "https://registry.npmjs.org/react-dom/-/react-dom-17.0.2.tgz",
			"integrity": "sha512-s4h96KtLDUQlsENhMn1ar8t2bEa+q/YAtj8pPPdIjPDGBDIVNsrD9aXNWqspUe6AzKCIG0C1HZZLqLV7qpOBGA==",
			"peer": true,
			"dependencies": {
				"loose-envify": "^1.1.0",
				"object-assign": "^4.1.1",
				"scheduler": "^0.20.2"
			},
			"peerDependencies": {
				"react": "17.0.2"
			}
		},
		"node_modules/react-is": {
			"version": "17.0.2",
			"resolved": "https://registry.npmjs.org/react-is/-/react-is-17.0.2.tgz",
			"integrity": "sha512-w2GsyukL62IJnlaff/nRegPQR94C/XXamvMWmSHRJ4y7Ts/4ocGRmTHvOs8PSE6pB3dWOrD/nueuU5sduBsQ4w=="
		},
		"node_modules/regenerator-runtime": {
			"version": "0.13.7",
			"resolved": "https://registry.npmjs.org/regenerator-runtime/-/regenerator-runtime-0.13.7.tgz",
			"integrity": "sha512-a54FxoJDIr27pgf7IgeQGxmqUNYrcV338lf/6gH456HZ/PhX+5BcwHXG9ajESmwe6WRO0tAzRUrRmNONWgkrew=="
		},
		"node_modules/scheduler": {
			"version": "0.20.2",
			"resolved": "https://registry.npmjs.org/scheduler/-/scheduler-0.20.2.tgz",
			"integrity": "sha512-2eWfGgAqqWFGqtdMmcL5zCMK1U8KlXv8SQFGglL3CEtd0aDVDWgeF/YoCmvln55m5zSk3J/20hTaSBeSObsQDQ==",
			"peer": true,
			"dependencies": {
				"loose-envify": "^1.1.0",
				"object-assign": "^4.1.1"
			}
		}
	},
	"dependencies": {
		"@babel/runtime": {
			"version": "7.14.6",
			"resolved": "https://registry.npmjs.org/@babel/runtime/-/runtime-7.14.6.tgz",
			"integrity": "sha512-/PCB2uJ7oM44tz8YhC4Z/6PeOKXp4K588f+5M3clr1M4zbqztlo0XEfJ2LEzj/FgwfgGcIdl8n7YYjTCI0BYwg==",
			"requires": {
				"regenerator-runtime": "^0.13.4"
			}
		},
		"@faciocode/mui-themes": {
			"version": "19.3.0",
			"resolved": "https://registry.npmjs.org/@faciocode/mui-themes/-/mui-themes-19.3.0.tgz",
			"integrity": "sha512-m6wO139KACNHFksaEsXm6KMTHzCUyAdJM+0oWml5M3y6PEhh5gri3/CHcF0QTxPkJLhSgeZIpK/oOuykYUpPVw==",
			"requires": {
				"@faciocode/styles": "^19.3.0",
				"@material-ui/core": "4.12.1"
			}
		},
		"@faciocode/styles": {
			"version": "19.3.0",
			"resolved": "https://registry.npmjs.org/@faciocode/styles/-/styles-19.3.0.tgz",
			"integrity": "sha512-n+as2ltl/gJ5AiAEEZ0IW9ibqXk/OLTlWkb+5+Gv31/pz3Kge2K3xuqc5D+yFoDprRkMxkhVhk9ItLX+WImklQ=="
		},
		"@material-ui/core": {
			"version": "4.12.1",
			"integrity": "sha512-C6hYsjkWCTfBx9FaqxhCZCITBagh7fyCKFtHyvO3tTOcBw6NJaktdhNZ2n82jQdQdgfFvg6OOxi7OOzsAdAcBQ==",
			"requires": {
				"@babel/runtime": "^7.4.4",
				"@material-ui/styles": "^4.11.4",
				"@material-ui/system": "^4.12.1",
				"@material-ui/types": "5.1.0",
				"@material-ui/utils": "^4.11.2",
				"@types/react-transition-group": "^4.2.0",
				"clsx": "^1.0.4",
				"hoist-non-react-statics": "^3.3.2",
				"popper.js": "1.16.1-lts",
				"prop-types": "^15.7.2",
				"react-is": "^16.8.0 || ^17.0.0",
				"react-transition-group": "^4.4.0"
			}
		},
		"@material-ui/lab": {
			"version": "4.0.0-alpha.60",
			"resolved": "https://registry.npmjs.org/@material-ui/lab/-/lab-4.0.0-alpha.60.tgz",
			"integrity": "sha512-fadlYsPJF+0fx2lRuyqAuJj7hAS1tLDdIEEdov5jlrpb5pp4b+mRDUqQTUxi4inRZHS1bEXpU8QWUhO6xX88aA==",
			"requires": {
				"@babel/runtime": "^7.4.4",
				"@material-ui/utils": "^4.11.2",
				"clsx": "^1.0.4",
				"prop-types": "^15.7.2",
				"react-is": "^16.8.0 || ^17.0.0"
			}
		},
		"@material-ui/utils": {
			"version": "4.11.2",
			"resolved": "https://registry.npmjs.org/@material-ui/utils/-/utils-4.11.2.tgz",
			"integrity": "sha512-Uul8w38u+PICe2Fg2pDKCaIG7kOyhowZ9vjiC1FsVwPABTW8vPPKfF6OvxRq3IiBaI1faOJmgdvMG7rMJARBhA==",
			"requires": {
				"@babel/runtime": "^7.4.4",
				"prop-types": "^15.7.2",
				"react-is": "^16.8.0 || ^17.0.0"
			}
		},
		"@types/prop-types": {
			"version": "15.7.4",
			"resolved": "https://registry.npmjs.org/@types/prop-types/-/prop-types-15.7.4.tgz",
			"integrity": "sha512-rZ5drC/jWjrArrS8BR6SIr4cWpW09RNTYt9AMZo3Jwwif+iacXAqgVjm0B0Bv/S1jhDXKHqRVNCbACkJ89RAnQ==",
			"peer": true
		},
		"@types/react": {
			"version": "17.0.14",
			"resolved": "https://registry.npmjs.org/@types/react/-/react-17.0.14.tgz",
			"integrity": "sha512-0WwKHUbWuQWOce61UexYuWTGuGY/8JvtUe/dtQ6lR4sZ3UiylHotJeWpf3ArP9+DSGUoLY3wbU59VyMrJps5VQ==",
			"peer": true,
			"requires": {
				"@types/prop-types": "*",
				"@types/scheduler": "*",
				"csstype": "^3.0.2"
			}
		},
		"@types/scheduler": {
			"version": "0.16.2",
			"resolved": "https://registry.npmjs.org/@types/scheduler/-/scheduler-0.16.2.tgz",
			"integrity": "sha512-hppQEBDmlwhFAXKJX2KnWLYu5yMfi91yazPb2l+lbJiwW+wdo1gNeRA+3RgNSO39WYX2euey41KEwnqesU2Jew==",
			"peer": true
		},
		"clsx": {
			"version": "1.1.1",
			"resolved": "https://registry.npmjs.org/clsx/-/clsx-1.1.1.tgz",
			"integrity": "sha512-6/bPho624p3S2pMyvP5kKBPXnI3ufHLObBFCfgx+LkeR5lg2XYy2hqZqUf45ypD8COn2bhgGJSUE+l5dhNBieA=="
		},
		"csstype": {
			"version": "3.0.8",
			"resolved": "https://registry.npmjs.org/csstype/-/csstype-3.0.8.tgz",
			"integrity": "sha512-jXKhWqXPmlUeoQnF/EhTtTl4C9SnrxSH/jZUih3jmO6lBKr99rP3/+FmrMj4EFpOXzMtXHAZkd3x0E6h6Fgflw==",
			"peer": true
		},
		"js-tokens": {
			"version": "4.0.0",
			"resolved": "https://registry.npmjs.org/js-tokens/-/js-tokens-4.0.0.tgz",
			"integrity": "sha512-RdJUflcE3cUzKiMqQgsCu06FPu9UdIJO0beYbPhHN4k6apgJtifcoCtT9bcxOpYBtpD2kCM6Sbzg4CausW/PKQ=="
		},
		"lodash": {
			"version": "4.17.21",
			"resolved": "https://registry.npmjs.org/lodash/-/lodash-4.17.21.tgz",
			"integrity": "sha512-v2kDEe57lecTulaDIuNTPy3Ry4gLGJ6Z1O3vE1krgXZNrsQ+LFTGHVxVjcXPs17LhbZVGedAJv8XZ1tvj5FvSg=="
		},
		"loose-envify": {
			"version": "1.4.0",
			"resolved": "https://registry.npmjs.org/loose-envify/-/loose-envify-1.4.0.tgz",
			"integrity": "sha512-lyuxPGr/Wfhrlem2CL/UcnUc1zcqKAImBDzukY7Y5F/yQiNdko6+fRLevlw1HgMySw7f611UIY408EtxRSoK3Q==",
			"requires": {
				"js-tokens": "^3.0.0 || ^4.0.0"
			}
		},
		"object-assign": {
			"version": "4.1.1",
			"resolved": "https://registry.npmjs.org/object-assign/-/object-assign-4.1.1.tgz",
			"integrity": "sha1-IQmtx5ZYh8/AXLvUQsrIv7s2CGM="
		},
		"prop-types": {
			"version": "15.7.2",
			"resolved": "https://registry.npmjs.org/prop-types/-/prop-types-15.7.2.tgz",
			"integrity": "sha512-8QQikdH7//R2vurIJSutZ1smHYTcLpRWEOlHnzcWHmBYrOGUysKwSsrC89BCiFj3CbrfJ/nXFdJepOVrY1GCHQ==",
			"requires": {
				"loose-envify": "^1.4.0",
				"object-assign": "^4.1.1",
				"react-is": "^16.8.1"
			},
			"dependencies": {
				"react-is": {
					"version": "16.13.1",
					"resolved": "https://registry.npmjs.org/react-is/-/react-is-16.13.1.tgz",
					"integrity": "sha512-24e6ynE2H+OKt4kqsOvNd8kBpV65zoxbA4BVsEOB3ARVWQki/DHzaUoC5KuON/BiccDaCCTZBuOcfZs70kR8bQ=="
				}
			}
		},
		"react": {
			"version": "17.0.2",
			"resolved": "https://registry.npmjs.org/react/-/react-17.0.2.tgz",
			"integrity": "sha512-gnhPt75i/dq/z3/6q/0asP78D0u592D5L1pd7M8P+dck6Fu/jJeL6iVVK23fptSUZj8Vjf++7wXA8UNclGQcbA==",
			"peer": true,
			"requires": {
				"loose-envify": "^1.1.0",
				"object-assign": "^4.1.1"
			}
		},
		"react-dom": {
			"version": "17.0.2",
			"resolved": "https://registry.npmjs.org/react-dom/-/react-dom-17.0.2.tgz",
			"integrity": "sha512-s4h96KtLDUQlsENhMn1ar8t2bEa+q/YAtj8pPPdIjPDGBDIVNsrD9aXNWqspUe6AzKCIG0C1HZZLqLV7qpOBGA==",
			"peer": true,
			"requires": {
				"loose-envify": "^1.1.0",
				"object-assign": "^4.1.1",
				"scheduler": "^0.20.2"
			}
		},
		"react-is": {
			"version": "17.0.2",
			"resolved": "https://registry.npmjs.org/react-is/-/react-is-17.0.2.tgz",
			"integrity": "sha512-w2GsyukL62IJnlaff/nRegPQR94C/XXamvMWmSHRJ4y7Ts/4ocGRmTHvOs8PSE6pB3dWOrD/nueuU5sduBsQ4w=="
		},
		"regenerator-runtime": {
			"version": "0.13.7",
			"resolved": "https://registry.npmjs.org/regenerator-runtime/-/regenerator-runtime-0.13.7.tgz",
			"integrity": "sha512-a54FxoJDIr27pgf7IgeQGxmqUNYrcV338lf/6gH456HZ/PhX+5BcwHXG9ajESmwe6WRO0tAzRUrRmNONWgkrew=="
		},
		"scheduler": {
			"version": "0.20.2",
			"resolved": "https://registry.npmjs.org/scheduler/-/scheduler-0.20.2.tgz",
			"integrity": "sha512-2eWfGgAqqWFGqtdMmcL5zCMK1U8KlXv8SQFGglL3CEtd0aDVDWgeF/YoCmvln55m5zSk3J/20hTaSBeSObsQDQ==",
			"peer": true,
			"requires": {
				"loose-envify": "^1.1.0",
				"object-assign": "^4.1.1"
			}
		}
	}
}
